// !$*UTF8*$!
{
	archiveVersion = 1;
	classes = {
	};
	objectVersion = 48;
	objects = {

/* Begin PBXBuildFile section */
		18278C3320B70CD000CA4C32 /* main.cpp in Sources */ = {isa = PBXBuildFile; fileRef = 18278C3220B70CD000CA4C32 /* main.cpp */; };
		18278C3B20B70ED300CA4C32 /* libassimp.4.1.0.dylib in Frameworks */ = {isa = PBXBuildFile; fileRef = 18278C3A20B70ED300CA4C32 /* libassimp.4.1.0.dylib */; };
		18278C3D20B70F0300CA4C32 /* libglfw.3.2.dylib in Frameworks */ = {isa = PBXBuildFile; fileRef = 18278C3C20B70F0300CA4C32 /* libglfw.3.2.dylib */; };
		18278C3F20B70F2A00CA4C32 /* libGLEW.2.1.0.dylib in Frameworks */ = {isa = PBXBuildFile; fileRef = 18278C3E20B70F2A00CA4C32 /* libGLEW.2.1.0.dylib */; };
		18278C4120B70F5400CA4C32 /* libSDL2-2.0.0.dylib in Frameworks */ = {isa = PBXBuildFile; fileRef = 18278C4020B70F5400CA4C32 /* libSDL2-2.0.0.dylib */; };
		18278C4320B70F5D00CA4C32 /* GLUT.framework in Frameworks */ = {isa = PBXBuildFile; fileRef = 18278C4220B70F5D00CA4C32 /* GLUT.framework */; };
		18278C4520B70F6A00CA4C32 /* OpenGL.framework in Frameworks */ = {isa = PBXBuildFile; fileRef = 18278C4420B70F6A00CA4C32 /* OpenGL.framework */; };
		18278C4A20B7112500CA4C32 /* stb_image.cpp in Sources */ = {isa = PBXBuildFile; fileRef = 18278C4620B7112500CA4C32 /* stb_image.cpp */; };
/* End PBXBuildFile section */

/* Begin PBXCopyFilesBuildPhase section */
		18278C2D20B70CCF00CA4C32 /* CopyFiles */ = {
			isa = PBXCopyFilesBuildPhase;
			buildActionMask = 2147483647;
			dstPath = /usr/share/man/man1/;
			dstSubfolderSpec = 0;
			files = (
			);
			runOnlyForDeploymentPostprocessing = 1;
		};
/* End PBXCopyFilesBuildPhase section */

/* Begin PBXFileReference section */
		18278C2F20B70CCF00CA4C32 /* DynamicEnvironmentMap */ = {isa = PBXFileReference; explicitFileType = "compiled.mach-o.executable"; includeInIndex = 0; path = DynamicEnvironmentMap; sourceTree = BUILT_PRODUCTS_DIR; };
		18278C3220B70CD000CA4C32 /* main.cpp */ = {isa = PBXFileReference; lastKnownFileType = sourcecode.cpp.cpp; path = main.cpp; sourceTree = "<group>"; };
		18278C3A20B70ED300CA4C32 /* libassimp.4.1.0.dylib */ = {isa = PBXFileReference; lastKnownFileType = "compiled.mach-o.dylib"; name = libassimp.4.1.0.dylib; path = ../../../../usr/local/Cellar/assimp/4.1.0/lib/libassimp.4.1.0.dylib; sourceTree = "<group>"; };
		18278C3C20B70F0300CA4C32 /* libglfw.3.2.dylib */ = {isa = PBXFileReference; lastKnownFileType = "compiled.mach-o.dylib"; name = libglfw.3.2.dylib; path = ../../../../usr/local/Cellar/glfw/3.2.1/lib/libglfw.3.2.dylib; sourceTree = "<group>"; };
		18278C3E20B70F2A00CA4C32 /* libGLEW.2.1.0.dylib */ = {isa = PBXFileReference; lastKnownFileType = "compiled.mach-o.dylib"; name = libGLEW.2.1.0.dylib; path = ../../../../usr/local/Cellar/glew/2.1.0/lib/libGLEW.2.1.0.dylib; sourceTree = "<group>"; };
		18278C4020B70F5400CA4C32 /* libSDL2-2.0.0.dylib */ = {isa = PBXFileReference; lastKnownFileType = "compiled.mach-o.dylib"; name = "libSDL2-2.0.0.dylib"; path = "../../../../usr/local/Cellar/sdl2/2.0.7/lib/libSDL2-2.0.0.dylib"; sourceTree = "<group>"; };
		18278C4220B70F5D00CA4C32 /* GLUT.framework */ = {isa = PBXFileReference; lastKnownFileType = wrapper.framework; name = GLUT.framework; path = System/Library/Frameworks/GLUT.framework; sourceTree = SDKROOT; };
		18278C4420B70F6A00CA4C32 /* OpenGL.framework */ = {isa = PBXFileReference; lastKnownFileType = wrapper.framework; name = OpenGL.framework; path = System/Library/Frameworks/OpenGL.framework; sourceTree = SDKROOT; };
		18278C4620B7112500CA4C32 /* stb_image.cpp */ = {isa = PBXFileReference; fileEncoding = 4; lastKnownFileType = sourcecode.cpp.cpp; path = stb_image.cpp; sourceTree = "<group>"; };
		18278C4720B7112500CA4C32 /* Shader.h */ = {isa = PBXFileReference; fileEncoding = 4; lastKnownFileType = sourcecode.c.h; path = Shader.h; sourceTree = "<group>"; };
		18278C4820B7112500CA4C32 /* Camera.h */ = {isa = PBXFileReference; fileEncoding = 4; lastKnownFileType = sourcecode.c.h; path = Camera.h; sourceTree = "<group>"; };
		18278C4920B7112500CA4C32 /* stb_image.h */ = {isa = PBXFileReference; fileEncoding = 4; lastKnownFileType = sourcecode.c.h; path = stb_image.h; sourceTree = "<group>"; };
/* End PBXFileReference section */

/* Begin PBXFrameworksBuildPhase section */
		18278C2C20B70CCF00CA4C32 /* Frameworks */ = {
			isa = PBXFrameworksBuildPhase;
			buildActionMask = 2147483647;
			files = (
				18278C4520B70F6A00CA4C32 /* OpenGL.framework in Frameworks */,
				18278C4320B70F5D00CA4C32 /* GLUT.framework in Frameworks */,
				18278C4120B70F5400CA4C32 /* libSDL2-2.0.0.dylib in Frameworks */,
				18278C3F20B70F2A00CA4C32 /* libGLEW.2.1.0.dylib in Frameworks */,
				18278C3D20B70F0300CA4C32 /* libglfw.3.2.dylib in Frameworks */,
				18278C3B20B70ED300CA4C32 /* libassimp.4.1.0.dylib in Frameworks */,
			);
			runOnlyForDeploymentPostprocessing = 0;
		};
/* End PBXFrameworksBuildPhase section */

/* Begin PBXGroup section */
		18278C2620B70CCF00CA4C32 = {
			isa = PBXGroup;
			children = (
				18278C3120B70CD000CA4C32 /* DynamicEnvironmentMap */,
				18278C3020B70CCF00CA4C32 /* Products */,
				18278C3920B70ED300CA4C32 /* Frameworks */,
			);
			sourceTree = "<group>";
		};
		18278C3020B70CCF00CA4C32 /* Products */ = {
			isa = PBXGroup;
			children = (
				18278C2F20B70CCF00CA4C32 /* DynamicEnvironmentMap */,
			);
			name = Products;
			sourceTree = "<group>";
		};
		18278C3120B70CD000CA4C32 /* DynamicEnvironmentMap */ = {
			isa = PBXGroup;
			children = (
				18278C4B20B7240B00CA4C32 /* resources */,
				18278C4820B7112500CA4C32 /* Camera.h */,
				18278C4720B7112500CA4C32 /* Shader.h */,
				18278C4620B7112500CA4C32 /* stb_image.cpp */,
				18278C4920B7112500CA4C32 /* stb_image.h */,
				18278C3220B70CD000CA4C32 /* main.cpp */,
			);
			path = DynamicEnvironmentMap;
			sourceTree = "<group>";
		};
		18278C3920B70ED300CA4C32 /* Frameworks */ = {
			isa = PBXGroup;
			children = (
				18278C4420B70F6A00CA4C32 /* OpenGL.framework */,
				18278C4220B70F5D00CA4C32 /* GLUT.framework */,
				18278C4020B70F5400CA4C32 /* libSDL2-2.0.0.dylib */,
				18278C3E20B70F2A00CA4C32 /* libGLEW.2.1.0.dylib */,
				18278C3C20B70F0300CA4C32 /* libglfw.3.2.dylib */,
				18278C3A20B70ED300CA4C32 /* libassimp.4.1.0.dylib */,
			);
			name = Frameworks;
			sourceTree = "<group>";
		};
		18278C4B20B7240B00CA4C32 /* resources */ = {
			isa = PBXGroup;
			children = (
			);
			path = resources;
			sourceTree = "<group>";
		};
/* End PBXGroup section */

/* Begin PBXNativeTarget section */
		18278C2E20B70CCF00CA4C32 /* DynamicEnvironmentMap */ = {
			isa = PBXNativeTarget;
			buildConfigurationList = 18278C3620B70CD000CA4C32 /* Build configuration list for PBXNativeTarget "DynamicEnvironmentMap" */;
			buildPhases = (
				18278C2B20B70CCF00CA4C32 /* Sources */,
				18278C2C20B70CCF00CA4C32 /* Frameworks */,
				18278C2D20B70CCF00CA4C32 /* CopyFiles */,
			);
			buildRules = (
			);
			dependencies = (
			);
			name = DynamicEnvironmentMap;
			productName = DynamicEnvironmentMap;
			productReference = 18278C2F20B70CCF00CA4C32 /* DynamicEnvironmentMap */;
			productType = "com.apple.product-type.tool";
		};
/* End PBXNativeTarget section */

/* Begin PBXProject section */
		18278C2720B70CCF00CA4C32 /* Project object */ = {
			isa = PBXProject;
			attributes = {
				LastUpgradeCheck = 0920;
				ORGANIZATIONNAME = Jesse;
				TargetAttributes = {
					18278C2E20B70CCF00CA4C32 = {
						CreatedOnToolsVersion = 9.2;
						ProvisioningStyle = Automatic;
					};
				};
			};
			buildConfigurationList = 18278C2A20B70CCF00CA4C32 /* Build configuration list for PBXProject "DynamicEnvironmentMap" */;
			compatibilityVersion = "Xcode 8.0";
			developmentRegion = en;
			hasScannedForEncodings = 0;
			knownRegions = (
				en,
			);
			mainGroup = 18278C2620B70CCF00CA4C32;
			productRefGroup = 18278C3020B70CCF00CA4C32 /* Products */;
			projectDirPath = "";
			projectRoot = "";
			targets = (
				18278C2E20B70CCF00CA4C32 /* DynamicEnvironmentMap */,
			);
		};
/* End PBXProject section */

/* Begin PBXSourcesBuildPhase section */
		18278C2B20B70CCF00CA4C32 /* Sources */ = {
			isa = PBXSourcesBuildPhase;
			buildActionMask = 2147483647;
			files = (
				18278C3320B70CD000CA4C32 /* main.cpp in Sources */,
				18278C4A20B7112500CA4C32 /* stb_image.cpp in Sources */,
			);
			runOnlyForDeploymentPostprocessing = 0;
		};
/* End PBXSourcesBuildPhase section */

/* Begin XCBuildConfiguration section */
		18278C3420B70CD000CA4C32 /* Debug */ = {
			isa = XCBuildConfiguration;
			buildSettings = {
				ALWAYS_SEARCH_USER_PATHS = NO;
				CLANG_ANALYZER_NONNULL = YES;
				CLANG_ANALYZER_NUMBER_OBJECT_CONVERSION = YES_AGGRESSIVE;
				CLANG_CXX_LANGUAGE_STANDARD = "gnu++14";
				CLANG_CXX_LIBRARY = "libc++";
				CLANG_ENABLE_MODULES = YES;
				CLANG_ENABLE_OBJC_ARC = YES;
				CLANG_WARN_BLOCK_CAPTURE_AUTORELEASING = YES;
				CLANG_WARN_BOOL_CONVERSION = YES;
				CLANG_WARN_COMMA = YES;
				CLANG_WARN_CONSTANT_CONVERSION = YES;
				CLANG_WARN_DIRECT_OBJC_ISA_USAGE = YES_ERROR;
				CLANG_WARN_DOCUMENTATION_COMMENTS = YES;
				CLANG_WARN_EMPTY_BODY = YES;
				CLANG_WARN_ENUM_CONVERSION = YES;
				CLANG_WARN_INFINITE_RECURSION = YES;
				CLANG_WARN_INT_CONVERSION = YES;
				CLANG_WARN_NON_LITERAL_NULL_CONVERSION = YES;
				CLANG_WARN_OBJC_LITERAL_CONVERSION = YES;
				CLANG_WARN_OBJC_ROOT_CLASS = YES_ERROR;
				CLANG_WARN_RANGE_LOOP_ANALYSIS = YES;
				CLANG_WARN_STRICT_PROTOTYPES = YES;
				CLANG_WARN_SUSPICIOUS_MOVE = YES;
				CLANG_WARN_UNGUARDED_AVAILABILITY = YES_AGGRESSIVE;
				CLANG_WARN_UNREACHABLE_CODE = YES;
				CLANG_WARN__DUPLICATE_METHOD_MATCH = YES;
				CODE_SIGN_IDENTITY = "-";
				COPY_PHASE_STRIP = NO;
				DEBUG_INFORMATION_FORMAT = dwarf;
				ENABLE_STRICT_OBJC_MSGSEND = YES;
				ENABLE_TESTABILITY = YES;
				GCC_C_LANGUAGE_STANDARD = gnu11;
				GCC_DYNAMIC_NO_PIC = NO;
				GCC_NO_COMMON_BLOCKS = YES;
				GCC_OPTIMIZATION_LEVEL = 0;
				GCC_PREPROCESSOR_DEFINITIONS = (
					"DEBUG=1",
					"$(inherited)",
				);
				GCC_WARN_64_TO_32_BIT_CONVERSION = YES;
				GCC_WARN_ABOUT_RETURN_TYPE = YES_ERROR;
				GCC_WARN_UNDECLARED_SELECTOR = YES;
				GCC_WARN_UNINITIALIZED_AUTOS = YES_AGGRESSIVE;
				GCC_WARN_UNUSED_FUNCTION = YES;
				GCC_WARN_UNUSED_VARIABLE = YES;
				MACOSX_DEPLOYMENT_TARGET = 10.13;
				MTL_ENABLE_DEBUG_INFO = YES;
				ONLY_ACTIVE_ARCH = YES;
				SDKROOT = macosx;
			};
			name = Debug;
		};
		18278C3520B70CD000CA4C32 /* Release */ = {
			isa = XCBuildConfiguration;
			buildSettings = {
				ALWAYS_SEARCH_USER_PATHS = NO;
				CLANG_ANALYZER_NONNULL = YES;
				CLANG_ANALYZER_NUMBER_OBJECT_CONVERSION = YES_AGGRESSIVE;
				CLANG_CXX_LANGUAGE_STANDARD = "gnu++14";
				CLANG_CXX_LIBRARY = "libc++";
				CLANG_ENABLE_MODULES = YES;
				CLANG_ENABLE_OBJC_ARC = YES;
				CLANG_WARN_BLOCK_CAPTURE_AUTORELEASING = YES;
				CLANG_WARN_BOOL_CONVERSION = YES;
				CLANG_WARN_COMMA = YES;
				CLANG_WARN_CONSTANT_CONVERSION = YES;
				CLANG_WARN_DIRECT_OBJC_ISA_USAGE = YES_ERROR;
				CLANG_WARN_DOCUMENTATION_COMMENTS = YES;
				CLANG_WARN_EMPTY_BODY = YES;
				CLANG_WARN_ENUM_CONVERSION = YES;
				CLANG_WARN_INFINITE_RECURSION = YES;
				CLANG_WARN_INT_CONVERSION = YES;
				CLANG_WARN_NON_LITERAL_NULL_CONVERSION = YES;
				CLANG_WARN_OBJC_LITERAL_CONVERSION = YES;
				CLANG_WARN_OBJC_ROOT_CLASS = YES_ERROR;
				CLANG_WARN_RANGE_LOOP_ANALYSIS = YES;
				CLANG_WARN_STRICT_PROTOTYPES = YES;
				CLANG_WARN_SUSPICIOUS_MOVE = YES;
				CLANG_WARN_UNGUARDED_AVAILABILITY = YES_AGGRESSIVE;
				CLANG_WARN_UNREACHABLE_CODE = YES;
				CLANG_WARN__DUPLICATE_METHOD_MATCH = YES;
				CODE_SIGN_IDENTITY = "-";
				COPY_PHASE_STRIP = NO;
				DEBUG_INFORMATION_FORMAT = "dwarf-with-dsym";
				ENABLE_NS_ASSERTIONS = NO;
				ENABLE_STRICT_OBJC_MSGSEND = YES;
				GCC_C_LANGUAGE_STANDARD = gnu11;
				GCC_NO_COMMON_BLOCKS = YES;
				GCC_WARN_64_TO_32_BIT_CONVERSION = YES;
				GCC_WARN_ABOUT_RETURN_TYPE = YES_ERROR;
				GCC_WARN_UNDECLARED_SELECTOR = YES;
				GCC_WARN_UNINITIALIZED_AUTOS = YES_AGGRESSIVE;
				GCC_WARN_UNUSED_FUNCTION = YES;
				GCC_WARN_UNUSED_VARIABLE = YES;
				MACOSX_DEPLOYMENT_TARGET = 10.13;
				MTL_ENABLE_DEBUG_INFO = NO;
				SDKROOT = macosx;
			};
			name = Release;
		};
		18278C3720B70CD000CA4C32 /* Debug */ = {
			isa = XCBuildConfiguration;
			buildSettings = {
				CODE_SIGN_STYLE = Automatic;
				HEADER_SEARCH_PATHS = /usr/local/include;
				LIBRARY_SEARCH_PATHS = (
					"$(inherited)",
					/usr/local/Cellar/assimp/4.1.0/lib,
					/usr/local/Cellar/glfw/3.2.1/lib,
					/usr/local/Cellar/glew/2.1.0/lib,
					/usr/local/Cellar/sdl2/2.0.7/lib,
				);
				PRODUCT_NAME = "$(TARGET_NAME)";
			};
			name = Debug;
		};
		18278C3820B70CD000CA4C32 /* Release */ = {
			isa = XCBuildConfiguration;
			buildSettings = {
				CODE_SIGN_STYLE = Automatic;
				HEADER_SEARCH_PATHS = /usr/local/include;
				LIBRARY_SEARCH_PATHS = (
					"$(inherited)",
					/usr/local/Cellar/assimp/4.1.0/lib,
					/usr/local/Cellar/glfw/3.2.1/lib,
					/usr/local/Cellar/glew/2.1.0/lib,
					/usr/local/Cellar/sdl2/2.0.7/lib,
				);
				PRODUCT_NAME = "$(TARGET_NAME)";
			};
			name = Release;
		};
/* End XCBuildConfiguration section */

/* Begin XCConfigurationList section */
		18278C2A20B70CCF00CA4C32 /* Build configuration list for PBXProject "DynamicEnvironmentMap" */ = {
			isa = XCConfigurationList;
			buildConfigurations = (
				18278C3420B70CD000CA4C32 /* Debug */,
				18278C3520B70CD000CA4C32 /* Release */,
			);
			defaultConfigurationIsVisible = 0;
			defaultConfigurationName = Release;
		};
		18278C3620B70CD000CA4C32 /* Build configuration list for PBXNativeTarget "DynamicEnvironmentMap" */ = {
			isa = XCConfigurationList;
			buildConfigurations = (
				18278C3720B70CD000CA4C32 /* Debug */,
				18278C3820B70CD000CA4C32 /* Release */,
			);
			defaultConfigurationIsVisible = 0;
			defaultConfigurationName = Release;
		};
/* End XCConfigurationList section */
	};
	rootObject = 18278C2720B70CCF00CA4C32 /* Project object */;
}
